
Microsoft Visual Studio Solution File, Format Version 12.00
Project("{FAE04EC0-301F-11D3-BF4B-00C04F79EFBC}") = "X39.UnitedTacticalForces.WebApp", "source\X39.UnitedTacticalForces.WebApp\X39.UnitedTacticalForces.WebApp.csproj", "{809AF68F-1CBB-42B5-A1C7-875BDF2E7384}"
EndProject
Project("{FAE04EC0-301F-11D3-BF4B-00C04F79EFBC}") = "X39.UnitedTacticalForces.Api", "source\X39.UnitedTacticalForces.Api\X39.UnitedTacticalForces.Api.csproj", "{0B9949C1-7AA5-4EB6-91CC-4DFCDE655EE6}"
EndProject
Project("{2150E333-8FDC-42A3-9474-1A3956D46DE8}") = ".submodules", ".submodules", "{7424594F-D8EF-45EA-87C1-181F575CF421}"
EndProject
Project("{FAE04EC0-301F-11D3-BF4B-00C04F79EFBC}") = "SteamWebAPI2", ".submodules\SteamWebAPI2\src\SteamWebAPI2\SteamWebAPI2.csproj", "{90F47FE6-25E6-455A-8F0B-3E71BE86507E}"
EndProject
Project("{FAE04EC0-301F-11D3-BF4B-00C04F79EFBC}") = "Steam.Models", ".submodules\SteamWebAPI2\src\Steam.Models\Steam.Models.csproj", "{0C9A0D3E-AB32-4986-942A-3910361F5A41}"
EndProject
Project("{2150E333-8FDC-42A3-9474-1A3956D46DE8}") = "files", "files", "{ECF906FE-298A-492D-B4DC-AB5C511976F2}"
	ProjectSection(SolutionItems) = preProject
		.gitignore = .gitignore
		.editorconfig = .editorconfig
	EndProjectSection
EndProject
Project("{FAE04EC0-301F-11D3-BF4B-00C04F79EFBC}") = "X39.UnitedTacticalForces.Roles", "source\X39.UnitedTacticalForces.Roles\X39.UnitedTacticalForces.Roles.csproj", "{85E03A91-4161-40A3-BFF5-DD574F1DCADA}"
EndProject
Project("{FAE04EC0-301F-11D3-BF4B-00C04F79EFBC}") = "X39.UnitedTacticalForces.Common", "source\X39.UnitedTacticalForces.Common\X39.UnitedTacticalForces.Common.csproj", "{38A7999D-1851-480D-98E3-39FE80AD7B9E}"
EndProject
Project("{2150E333-8FDC-42A3-9474-1A3956D46DE8}") = "source", "source", "{F5454DD1-AF43-472C-A209-800947311ADE}"
EndProject
Project("{2150E333-8FDC-42A3-9474-1A3956D46DE8}") = "test", "test", "{ED3CD654-3C4B-4277-A08F-A896A58EF665}"
EndProject
Project("{FAE04EC0-301F-11D3-BF4B-00C04F79EFBC}") = "X39.BI.Config.Parsing", "source\X39.BI.Config.Parsing\X39.BI.Config.Parsing.csproj", "{63B22B70-568B-4D0A-AF62-30D9A20C4115}"
EndProject
Project("{FAE04EC0-301F-11D3-BF4B-00C04F79EFBC}") = "X39.BI.Config.Parsing.Tests", "test\X39.BI.Config.Parsing.Tests\X39.BI.Config.Parsing.Tests.csproj", "{90D65B4C-F9DA-46E0-A427-03B4116C232E}"
EndProject
Global
	GlobalSection(SolutionConfigurationPlatforms) = preSolution
		Debug|Any CPU = Debug|Any CPU
		Release|Any CPU = Release|Any CPU
	EndGlobalSection
	GlobalSection(ProjectConfigurationPlatforms) = postSolution
		{809AF68F-1CBB-42B5-A1C7-875BDF2E7384}.Debug|Any CPU.ActiveCfg = Debug|Any CPU
		{809AF68F-1CBB-42B5-A1C7-875BDF2E7384}.Debug|Any CPU.Build.0 = Debug|Any CPU
		{809AF68F-1CBB-42B5-A1C7-875BDF2E7384}.Release|Any CPU.ActiveCfg = Release|Any CPU
		{809AF68F-1CBB-42B5-A1C7-875BDF2E7384}.Release|Any CPU.Build.0 = Release|Any CPU
		{0B9949C1-7AA5-4EB6-91CC-4DFCDE655EE6}.Debug|Any CPU.ActiveCfg = Debug|Any CPU
		{0B9949C1-7AA5-4EB6-91CC-4DFCDE655EE6}.Debug|Any CPU.Build.0 = Debug|Any CPU
		{0B9949C1-7AA5-4EB6-91CC-4DFCDE655EE6}.Release|Any CPU.ActiveCfg = Release|Any CPU
		{0B9949C1-7AA5-4EB6-91CC-4DFCDE655EE6}.Release|Any CPU.Build.0 = Release|Any CPU
		{90F47FE6-25E6-455A-8F0B-3E71BE86507E}.Debug|Any CPU.ActiveCfg = Debug|Any CPU
		{90F47FE6-25E6-455A-8F0B-3E71BE86507E}.Debug|Any CPU.Build.0 = Debug|Any CPU
		{90F47FE6-25E6-455A-8F0B-3E71BE86507E}.Release|Any CPU.ActiveCfg = Release|Any CPU
		{90F47FE6-25E6-455A-8F0B-3E71BE86507E}.Release|Any CPU.Build.0 = Release|Any CPU
		{0C9A0D3E-AB32-4986-942A-3910361F5A41}.Debug|Any CPU.ActiveCfg = Debug|Any CPU
		{0C9A0D3E-AB32-4986-942A-3910361F5A41}.Debug|Any CPU.Build.0 = Debug|Any CPU
		{0C9A0D3E-AB32-4986-942A-3910361F5A41}.Release|Any CPU.ActiveCfg = Release|Any CPU
		{0C9A0D3E-AB32-4986-942A-3910361F5A41}.Release|Any CPU.Build.0 = Release|Any CPU
		{85E03A91-4161-40A3-BFF5-DD574F1DCADA}.Debug|Any CPU.ActiveCfg = Debug|Any CPU
		{85E03A91-4161-40A3-BFF5-DD574F1DCADA}.Debug|Any CPU.Build.0 = Debug|Any CPU
		{85E03A91-4161-40A3-BFF5-DD574F1DCADA}.Release|Any CPU.ActiveCfg = Release|Any CPU
		{85E03A91-4161-40A3-BFF5-DD574F1DCADA}.Release|Any CPU.Build.0 = Release|Any CPU
		{38A7999D-1851-480D-98E3-39FE80AD7B9E}.Debug|Any CPU.ActiveCfg = Debug|Any CPU
		{38A7999D-1851-480D-98E3-39FE80AD7B9E}.Debug|Any CPU.Build.0 = Debug|Any CPU
		{38A7999D-1851-480D-98E3-39FE80AD7B9E}.Release|Any CPU.ActiveCfg = Release|Any CPU
		{38A7999D-1851-480D-98E3-39FE80AD7B9E}.Release|Any CPU.Build.0 = Release|Any CPU
		{63B22B70-568B-4D0A-AF62-30D9A20C4115}.Debug|Any CPU.ActiveCfg = Debug|Any CPU
		{63B22B70-568B-4D0A-AF62-30D9A20C4115}.Debug|Any CPU.Build.0 = Debug|Any CPU
		{63B22B70-568B-4D0A-AF62-30D9A20C4115}.Release|Any CPU.ActiveCfg = Release|Any CPU
		{63B22B70-568B-4D0A-AF62-30D9A20C4115}.Release|Any CPU.Build.0 = Release|Any CPU
		{90D65B4C-F9DA-46E0-A427-03B4116C232E}.Debug|Any CPU.ActiveCfg = Debug|Any CPU
		{90D65B4C-F9DA-46E0-A427-03B4116C232E}.Debug|Any CPU.Build.0 = Debug|Any CPU
		{90D65B4C-F9DA-46E0-A427-03B4116C232E}.Release|Any CPU.ActiveCfg = Release|Any CPU
		{90D65B4C-F9DA-46E0-A427-03B4116C232E}.Release|Any CPU.Build.0 = Release|Any CPU
	EndGlobalSection
	GlobalSection(NestedProjects) = preSolution
		{90F47FE6-25E6-455A-8F0B-3E71BE86507E} = {7424594F-D8EF-45EA-87C1-181F575CF421}
		{0C9A0D3E-AB32-4986-942A-3910361F5A41} = {7424594F-D8EF-45EA-87C1-181F575CF421}
		{0B9949C1-7AA5-4EB6-91CC-4DFCDE655EE6} = {F5454DD1-AF43-472C-A209-800947311ADE}
		{38A7999D-1851-480D-98E3-39FE80AD7B9E} = {F5454DD1-AF43-472C-A209-800947311ADE}
		{85E03A91-4161-40A3-BFF5-DD574F1DCADA} = {F5454DD1-AF43-472C-A209-800947311ADE}
		{809AF68F-1CBB-42B5-A1C7-875BDF2E7384} = {F5454DD1-AF43-472C-A209-800947311ADE}
		{63B22B70-568B-4D0A-AF62-30D9A20C4115} = {F5454DD1-AF43-472C-A209-800947311ADE}
		{90D65B4C-F9DA-46E0-A427-03B4116C232E} = {ED3CD654-3C4B-4277-A08F-A896A58EF665}
	EndGlobalSection
EndGlobal
