
Microsoft Visual Studio Solution File, Format Version 12.00
# Visual Studio Version 17
VisualStudioVersion = 17.0.31717.71
MinimumVisualStudioVersion = 10.0.40219.1
Project("{9A19103F-16F7-4668-BE54-9A1E7A4F7556}") = "X39.UnitedTacticalForces.WebApp", "X39.UnitedTacticalForces.WebApp.csproj", "{BD56792A-4E47-4875-9384-3756E244E3BD}"
EndProject
Global
	GlobalSection(SolutionConfigurationPlatforms) = preSolution
		Debug|Any CPU = Debug|Any CPU
		Release|Any CPU = Release|Any CPU
	EndGlobalSection
	GlobalSection(ProjectConfigurationPlatforms) = postSolution
		{BD56792A-4E47-4875-9384-3756E244E3BD}.Debug|Any CPU.ActiveCfg = Debug|Any CPU
		{BD56792A-4E47-4875-9384-3756E244E3BD}.Debug|Any CPU.Build.0 = Debug|Any CPU
		{BD56792A-4E47-4875-9384-3756E244E3BD}.Release|Any CPU.ActiveCfg = Release|Any CPU
		{BD56792A-4E47-4875-9384-3756E244E3BD}.Release|Any CPU.Build.0 = Release|Any CPU
	EndGlobalSection
	GlobalSection(SolutionProperties) = preSolution
		HideSolutionNode = FALSE
	EndGlobalSection
	GlobalSection(ExtensibilityGlobals) = postSolution
		SolutionGuid = {D987A9EA-BAA2-4E55-9B02-321A8002F81D}
	EndGlobalSection
EndGlobal